
Microsoft Visual Studio Solution File, Format Version 12.00
# Visual Studio Version 17
VisualStudioVersion = 17.14.36401.2
MinimumVisualStudioVersion = 10.0.40219.1
Project("{FAE04EC0-301F-11D3-BF4B-00C04F79EFBC}") = "Custom Model Binders", "Custom Model Binders\Custom Model Binders.csproj", "{1BC0805C-6B4B-4B48-8456-C10F9C16C604}"
EndProject
Global
	GlobalSection(SolutionConfigurationPlatforms) = preSolution
		Debug|Any CPU = Debug|Any CPU
		Release|Any CPU = Release|Any CPU
	EndGlobalSection
	GlobalSection(ProjectConfigurationPlatforms) = postSolution
		{1BC0805C-6B4B-4B48-8456-C10F9C16C604}.Debug|Any CPU.ActiveCfg = Debug|Any CPU
		{1BC0805C-6B4B-4B48-8456-C10F9C16C604}.Debug|Any CPU.Build.0 = Debug|Any CPU
		{1BC0805C-6B4B-4B48-8456-C10F9C16C604}.Release|Any CPU.ActiveCfg = Release|Any CPU
		{1BC0805C-6B4B-4B48-8456-C10F9C16C604}.Release|Any CPU.Build.0 = Release|Any CPU
	EndGlobalSection
	GlobalSection(SolutionProperties) = preSolution
		HideSolutionNode = FALSE
	EndGlobalSection
	GlobalSection(ExtensibilityGlobals) = postSolution
		SolutionGuid = {2F51ABFB-962E-476A-89F5-C2B28F6F0437}
	EndGlobalSection
EndGlobal
